
Microsoft Visual Studio Solution File, Format Version 12.00
# Visual Studio Version 17
VisualStudioVersion = 17.1.32228.430
MinimumVisualStudioVersion = 10.0.40219.1
Project("{FAE04EC0-301F-11D3-BF4B-00C04F79EFBC}") = "ado dot net", "ado dot net\ado dot net.csproj", "{99B543F9-AB13-4F85-B058-CAD0545B6502}"
EndProject
Global
	GlobalSection(SolutionConfigurationPlatforms) = preSolution
		Debug|Any CPU = Debug|Any CPU
		Release|Any CPU = Release|Any CPU
	EndGlobalSection
	GlobalSection(ProjectConfigurationPlatforms) = postSolution
		{99B543F9-AB13-4F85-B058-CAD0545B6502}.Debug|Any CPU.ActiveCfg = Debug|Any CPU
		{99B543F9-AB13-4F85-B058-CAD0545B6502}.Debug|Any CPU.Build.0 = Debug|Any CPU
		{99B543F9-AB13-4F85-B058-CAD0545B6502}.Release|Any CPU.ActiveCfg = Release|Any CPU
		{99B543F9-AB13-4F85-B058-CAD0545B6502}.Release|Any CPU.Build.0 = Release|Any CPU
	EndGlobalSection
	GlobalSection(SolutionProperties) = preSolution
		HideSolutionNode = FALSE
	EndGlobalSection
	GlobalSection(ExtensibilityGlobals) = postSolution
		SolutionGuid = {7A950CD3-C81C-4856-A203-1B55D6E28DED}
	EndGlobalSection
EndGlobal
